// !$*UTF8*$!
{
	archiveVersion = 1;
	classes = {
	};
	objectVersion = 55;
	objects = {

/* Begin PBXBuildFile section */
		07334B5B289478B700D401CF /* GFUserInfoHeaderViewController.swift in Sources */ = {isa = PBXBuildFile; fileRef = 07334B5A289478B700D401CF /* GFUserInfoHeaderViewController.swift */; };
		07334B5D2894792300D401CF /* GFSecondaryTitleLabel.swift in Sources */ = {isa = PBXBuildFile; fileRef = 07334B5C2894792300D401CF /* GFSecondaryTitleLabel.swift */; };
		07334B5F28948AFB00D401CF /* Constants.swift in Sources */ = {isa = PBXBuildFile; fileRef = 07334B5E28948AFB00D401CF /* Constants.swift */; };
		07334B612894CBDD00D401CF /* GFItemInfoView.swift in Sources */ = {isa = PBXBuildFile; fileRef = 07334B602894CBDD00D401CF /* GFItemInfoView.swift */; };
		07334B632894D0B100D401CF /* GFItemInfoViewController.swift in Sources */ = {isa = PBXBuildFile; fileRef = 07334B622894D0B100D401CF /* GFItemInfoViewController.swift */; };
		075A09B32889FEB40022B872 /* AppDelegate.swift in Sources */ = {isa = PBXBuildFile; fileRef = 075A09B22889FEB40022B872 /* AppDelegate.swift */; };
		075A09B52889FEB40022B872 /* SceneDelegate.swift in Sources */ = {isa = PBXBuildFile; fileRef = 075A09B42889FEB40022B872 /* SceneDelegate.swift */; };
		075A09BC2889FEB50022B872 /* Assets.xcassets in Resources */ = {isa = PBXBuildFile; fileRef = 075A09BB2889FEB50022B872 /* Assets.xcassets */; };
		075A09BF2889FEB50022B872 /* LaunchScreen.storyboard in Resources */ = {isa = PBXBuildFile; fileRef = 075A09BD2889FEB50022B872 /* LaunchScreen.storyboard */; };
		075A09C7288A06B90022B872 /* SearchViewController.swift in Sources */ = {isa = PBXBuildFile; fileRef = 075A09C6288A06B90022B872 /* SearchViewController.swift */; };
		075A09C9288A06E60022B872 /* FavoritesListViewController.swift in Sources */ = {isa = PBXBuildFile; fileRef = 075A09C8288A06E60022B872 /* FavoritesListViewController.swift */; };
		0769C578288A0FEE00C55B67 /* GFButton.swift in Sources */ = {isa = PBXBuildFile; fileRef = 0769C577288A0FEE00C55B67 /* GFButton.swift */; };
		0769C57A288B2BC300C55B67 /* GFTextField.swift in Sources */ = {isa = PBXBuildFile; fileRef = 0769C579288B2BC300C55B67 /* GFTextField.swift */; };
		0769C57E288B36DE00C55B67 /* GFImageView.swift in Sources */ = {isa = PBXBuildFile; fileRef = 0769C57D288B36DE00C55B67 /* GFImageView.swift */; };
		0769C580288B56A700C55B67 /* FollowerListViewController.swift in Sources */ = {isa = PBXBuildFile; fileRef = 0769C57F288B56A700C55B67 /* FollowerListViewController.swift */; };
		0769C582288B5C6B00C55B67 /* String+Extension.swift in Sources */ = {isa = PBXBuildFile; fileRef = 0769C581288B5C6B00C55B67 /* String+Extension.swift */; };
		0769C584288B788A00C55B67 /* GFTitleLabel.swift in Sources */ = {isa = PBXBuildFile; fileRef = 0769C583288B788A00C55B67 /* GFTitleLabel.swift */; };
		0769C586288B95EF00C55B67 /* GFBodyLabel.swift in Sources */ = {isa = PBXBuildFile; fileRef = 0769C585288B95EF00C55B67 /* GFBodyLabel.swift */; };
		0769C588288B96FA00C55B67 /* GFAlertViewController.swift in Sources */ = {isa = PBXBuildFile; fileRef = 0769C587288B96FA00C55B67 /* GFAlertViewController.swift */; };
		0769C58A288B99E400C55B67 /* GFAlertUIView.swift in Sources */ = {isa = PBXBuildFile; fileRef = 0769C589288B99E400C55B67 /* GFAlertUIView.swift */; };
		0769C58C288BAE4800C55B67 /* UIViewController+Extension.swift in Sources */ = {isa = PBXBuildFile; fileRef = 0769C58B288BAE4800C55B67 /* UIViewController+Extension.swift */; };
		0769C594288CE47E00C55B67 /* Follower.swift in Sources */ = {isa = PBXBuildFile; fileRef = 0769C593288CE47E00C55B67 /* Follower.swift */; };
		0769C596288CE54200C55B67 /* User.swift in Sources */ = {isa = PBXBuildFile; fileRef = 0769C595288CE54200C55B67 /* User.swift */; };
		0769C599288CEC6A00C55B67 /* NetworkManager.swift in Sources */ = {isa = PBXBuildFile; fileRef = 0769C598288CEC6A00C55B67 /* NetworkManager.swift */; };
		0769C59C288E32F200C55B67 /* GFError.swift in Sources */ = {isa = PBXBuildFile; fileRef = 0769C59B288E32F200C55B67 /* GFError.swift */; };
		0769C59F288EF90000C55B67 /* FollowerCollectionViewCell.swift in Sources */ = {isa = PBXBuildFile; fileRef = 0769C59E288EF90000C55B67 /* FollowerCollectionViewCell.swift */; };
		0769C5A1288EFA6700C55B67 /* GFAvatarImageView.swift in Sources */ = {isa = PBXBuildFile; fileRef = 0769C5A0288EFA6700C55B67 /* GFAvatarImageView.swift */; };
		0769C5A3288F9C6000C55B67 /* UIHelper.swift in Sources */ = {isa = PBXBuildFile; fileRef = 0769C5A2288F9C6000C55B67 /* UIHelper.swift */; };
		07F771AD28934E5500F7269A /* UserInfoViewController.swift in Sources */ = {isa = PBXBuildFile; fileRef = 07F771AC28934E5500F7269A /* UserInfoViewController.swift */; };
		07FCC08128919C2800247F93 /* GFEmptyStateView.swift in Sources */ = {isa = PBXBuildFile; fileRef = 07FCC08028919C2800247F93 /* GFEmptyStateView.swift */; };
/* End PBXBuildFile section */

/* Begin PBXFileReference section */
		07334B5A289478B700D401CF /* GFUserInfoHeaderViewController.swift */ = {isa = PBXFileReference; lastKnownFileType = sourcecode.swift; path = GFUserInfoHeaderViewController.swift; sourceTree = "<group>"; };
		07334B5C2894792300D401CF /* GFSecondaryTitleLabel.swift */ = {isa = PBXFileReference; lastKnownFileType = sourcecode.swift; path = GFSecondaryTitleLabel.swift; sourceTree = "<group>"; };
		07334B5E28948AFB00D401CF /* Constants.swift */ = {isa = PBXFileReference; lastKnownFileType = sourcecode.swift; path = Constants.swift; sourceTree = "<group>"; };
		07334B602894CBDD00D401CF /* GFItemInfoView.swift */ = {isa = PBXFileReference; lastKnownFileType = sourcecode.swift; path = GFItemInfoView.swift; sourceTree = "<group>"; };
		07334B622894D0B100D401CF /* GFItemInfoViewController.swift */ = {isa = PBXFileReference; lastKnownFileType = sourcecode.swift; path = GFItemInfoViewController.swift; sourceTree = "<group>"; };
		075A09AF2889FEB40022B872 /* GithubFollowers.app */ = {isa = PBXFileReference; explicitFileType = wrapper.application; includeInIndex = 0; path = GithubFollowers.app; sourceTree = BUILT_PRODUCTS_DIR; };
		075A09B22889FEB40022B872 /* AppDelegate.swift */ = {isa = PBXFileReference; lastKnownFileType = sourcecode.swift; path = AppDelegate.swift; sourceTree = "<group>"; };
		075A09B42889FEB40022B872 /* SceneDelegate.swift */ = {isa = PBXFileReference; lastKnownFileType = sourcecode.swift; path = SceneDelegate.swift; sourceTree = "<group>"; };
		075A09BB2889FEB50022B872 /* Assets.xcassets */ = {isa = PBXFileReference; lastKnownFileType = folder.assetcatalog; path = Assets.xcassets; sourceTree = "<group>"; };
		075A09BE2889FEB50022B872 /* Base */ = {isa = PBXFileReference; lastKnownFileType = file.storyboard; name = Base; path = Base.lproj/LaunchScreen.storyboard; sourceTree = "<group>"; };
		075A09C02889FEB50022B872 /* Info.plist */ = {isa = PBXFileReference; lastKnownFileType = text.plist.xml; path = Info.plist; sourceTree = "<group>"; };
		075A09C6288A06B90022B872 /* SearchViewController.swift */ = {isa = PBXFileReference; lastKnownFileType = sourcecode.swift; path = SearchViewController.swift; sourceTree = "<group>"; };
		075A09C8288A06E60022B872 /* FavoritesListViewController.swift */ = {isa = PBXFileReference; lastKnownFileType = sourcecode.swift; path = FavoritesListViewController.swift; sourceTree = "<group>"; };
		0769C577288A0FEE00C55B67 /* GFButton.swift */ = {isa = PBXFileReference; lastKnownFileType = sourcecode.swift; path = GFButton.swift; sourceTree = "<group>"; };
		0769C579288B2BC300C55B67 /* GFTextField.swift */ = {isa = PBXFileReference; lastKnownFileType = sourcecode.swift; path = GFTextField.swift; sourceTree = "<group>"; };
		0769C57D288B36DE00C55B67 /* GFImageView.swift */ = {isa = PBXFileReference; lastKnownFileType = sourcecode.swift; path = GFImageView.swift; sourceTree = "<group>"; };
		0769C57F288B56A700C55B67 /* FollowerListViewController.swift */ = {isa = PBXFileReference; lastKnownFileType = sourcecode.swift; path = FollowerListViewController.swift; sourceTree = "<group>"; };
		0769C581288B5C6B00C55B67 /* String+Extension.swift */ = {isa = PBXFileReference; lastKnownFileType = sourcecode.swift; path = "String+Extension.swift"; sourceTree = "<group>"; };
		0769C583288B788A00C55B67 /* GFTitleLabel.swift */ = {isa = PBXFileReference; lastKnownFileType = sourcecode.swift; path = GFTitleLabel.swift; sourceTree = "<group>"; };
		0769C585288B95EF00C55B67 /* GFBodyLabel.swift */ = {isa = PBXFileReference; lastKnownFileType = sourcecode.swift; path = GFBodyLabel.swift; sourceTree = "<group>"; };
		0769C587288B96FA00C55B67 /* GFAlertViewController.swift */ = {isa = PBXFileReference; lastKnownFileType = sourcecode.swift; path = GFAlertViewController.swift; sourceTree = "<group>"; };
		0769C589288B99E400C55B67 /* GFAlertUIView.swift */ = {isa = PBXFileReference; lastKnownFileType = sourcecode.swift; path = GFAlertUIView.swift; sourceTree = "<group>"; };
		0769C58B288BAE4800C55B67 /* UIViewController+Extension.swift */ = {isa = PBXFileReference; lastKnownFileType = sourcecode.swift; path = "UIViewController+Extension.swift"; sourceTree = "<group>"; };
		0769C593288CE47E00C55B67 /* Follower.swift */ = {isa = PBXFileReference; lastKnownFileType = sourcecode.swift; path = Follower.swift; sourceTree = "<group>"; };
		0769C595288CE54200C55B67 /* User.swift */ = {isa = PBXFileReference; lastKnownFileType = sourcecode.swift; path = User.swift; sourceTree = "<group>"; };
		0769C598288CEC6A00C55B67 /* NetworkManager.swift */ = {isa = PBXFileReference; lastKnownFileType = sourcecode.swift; path = NetworkManager.swift; sourceTree = "<group>"; };
		0769C59B288E32F200C55B67 /* GFError.swift */ = {isa = PBXFileReference; lastKnownFileType = sourcecode.swift; path = GFError.swift; sourceTree = "<group>"; };
		0769C59E288EF90000C55B67 /* FollowerCollectionViewCell.swift */ = {isa = PBXFileReference; lastKnownFileType = sourcecode.swift; path = FollowerCollectionViewCell.swift; sourceTree = "<group>"; };
		0769C5A0288EFA6700C55B67 /* GFAvatarImageView.swift */ = {isa = PBXFileReference; lastKnownFileType = sourcecode.swift; path = GFAvatarImageView.swift; sourceTree = "<group>"; };
		0769C5A2288F9C6000C55B67 /* UIHelper.swift */ = {isa = PBXFileReference; lastKnownFileType = sourcecode.swift; path = UIHelper.swift; sourceTree = "<group>"; };
		07F771AC28934E5500F7269A /* UserInfoViewController.swift */ = {isa = PBXFileReference; lastKnownFileType = sourcecode.swift; path = UserInfoViewController.swift; sourceTree = "<group>"; };
		07FCC08028919C2800247F93 /* GFEmptyStateView.swift */ = {isa = PBXFileReference; lastKnownFileType = sourcecode.swift; path = GFEmptyStateView.swift; sourceTree = "<group>"; };
/* End PBXFileReference section */

/* Begin PBXFrameworksBuildPhase section */
		075A09AC2889FEB40022B872 /* Frameworks */ = {
			isa = PBXFrameworksBuildPhase;
			buildActionMask = 2147483647;
			files = (
			);
			runOnlyForDeploymentPostprocessing = 0;
		};
/* End PBXFrameworksBuildPhase section */

/* Begin PBXGroup section */
		075A09A62889FEB40022B872 = {
			isa = PBXGroup;
			children = (
				075A09B12889FEB40022B872 /* GithubFollowers */,
				075A09B02889FEB40022B872 /* Products */,
			);
			sourceTree = "<group>";
		};
		075A09B02889FEB40022B872 /* Products */ = {
			isa = PBXGroup;
			children = (
				075A09AF2889FEB40022B872 /* GithubFollowers.app */,
			);
			name = Products;
			sourceTree = "<group>";
		};
		075A09B12889FEB40022B872 /* GithubFollowers */ = {
			isa = PBXGroup;
			children = (
				0769C59A288E32DC00C55B67 /* Utils */,
				0769C597288CEC6100C55B67 /* Managers */,
				0769C592288CE46F00C55B67 /* Model */,
				0769C591288BB27900C55B67 /* Support */,
				0769C58F288BB1D500C55B67 /* Custom Views */,
				0769C58D288BB18B00C55B67 /* Screens */,
				0769C590288BB20400C55B67 /* Extensions */,
				075A09C02889FEB50022B872 /* Info.plist */,
			);
			path = GithubFollowers;
			sourceTree = "<group>";
		};
		0769C58D288BB18B00C55B67 /* Screens */ = {
			isa = PBXGroup;
			children = (
				075A09C6288A06B90022B872 /* SearchViewController.swift */,
				075A09C8288A06E60022B872 /* FavoritesListViewController.swift */,
				0769C57F288B56A700C55B67 /* FollowerListViewController.swift */,
				07F771AC28934E5500F7269A /* UserInfoViewController.swift */,
			);
			path = Screens;
			sourceTree = "<group>";
		};
		0769C58F288BB1D500C55B67 /* Custom Views */ = {
			isa = PBXGroup;
			children = (
				07FCC07F28919BDB00247F93 /* Labels */,
				07FCC07E28919BCB00247F93 /* ViewControllers */,
				07FCC07D28919BC300247F93 /* ImageViews */,
				07FCC07C28919BBA00247F93 /* TextFields */,
				07FCC07B28919BB300247F93 /* Buttons */,
				07FCC07A28919BAE00247F93 /* Views */,
				0769C59D288EF8DE00C55B67 /* Cells */,
			);
			path = "Custom Views";
			sourceTree = "<group>";
		};
		0769C590288BB20400C55B67 /* Extensions */ = {
			isa = PBXGroup;
			children = (
				0769C581288B5C6B00C55B67 /* String+Extension.swift */,
				0769C58B288BAE4800C55B67 /* UIViewController+Extension.swift */,
			);
			path = Extensions;
			sourceTree = "<group>";
		};
		0769C591288BB27900C55B67 /* Support */ = {
			isa = PBXGroup;
			children = (
				075A09BB2889FEB50022B872 /* Assets.xcassets */,
				075A09BD2889FEB50022B872 /* LaunchScreen.storyboard */,
				075A09B22889FEB40022B872 /* AppDelegate.swift */,
				075A09B42889FEB40022B872 /* SceneDelegate.swift */,
			);
			path = Support;
			sourceTree = "<group>";
		};
		0769C592288CE46F00C55B67 /* Model */ = {
			isa = PBXGroup;
			children = (
				0769C593288CE47E00C55B67 /* Follower.swift */,
				0769C595288CE54200C55B67 /* User.swift */,
			);
			path = Model;
			sourceTree = "<group>";
		};
		0769C597288CEC6100C55B67 /* Managers */ = {
			isa = PBXGroup;
			children = (
				0769C598288CEC6A00C55B67 /* NetworkManager.swift */,
			);
			path = Managers;
			sourceTree = "<group>";
		};
		0769C59A288E32DC00C55B67 /* Utils */ = {
			isa = PBXGroup;
			children = (
				0769C59B288E32F200C55B67 /* GFError.swift */,
				0769C5A2288F9C6000C55B67 /* UIHelper.swift */,
				07334B5E28948AFB00D401CF /* Constants.swift */,
			);
			path = Utils;
			sourceTree = "<group>";
		};
		0769C59D288EF8DE00C55B67 /* Cells */ = {
			isa = PBXGroup;
			children = (
				0769C59E288EF90000C55B67 /* FollowerCollectionViewCell.swift */,
			);
			path = Cells;
			sourceTree = "<group>";
		};
		07FCC07A28919BAE00247F93 /* Views */ = {
			isa = PBXGroup;
			children = (
				0769C589288B99E400C55B67 /* GFAlertUIView.swift */,
				07FCC08028919C2800247F93 /* GFEmptyStateView.swift */,
				07334B602894CBDD00D401CF /* GFItemInfoView.swift */,
			);
			path = Views;
			sourceTree = "<group>";
		};
		07FCC07B28919BB300247F93 /* Buttons */ = {
			isa = PBXGroup;
			children = (
				0769C577288A0FEE00C55B67 /* GFButton.swift */,
			);
			path = Buttons;
			sourceTree = "<group>";
		};
		07FCC07C28919BBA00247F93 /* TextFields */ = {
			isa = PBXGroup;
			children = (
				0769C579288B2BC300C55B67 /* GFTextField.swift */,
			);
			path = TextFields;
			sourceTree = "<group>";
		};
		07FCC07D28919BC300247F93 /* ImageViews */ = {
			isa = PBXGroup;
			children = (
				0769C5A0288EFA6700C55B67 /* GFAvatarImageView.swift */,
				0769C57D288B36DE00C55B67 /* GFImageView.swift */,
			);
			path = ImageViews;
			sourceTree = "<group>";
		};
		07FCC07E28919BCB00247F93 /* ViewControllers */ = {
			isa = PBXGroup;
			children = (
				0769C587288B96FA00C55B67 /* GFAlertViewController.swift */,
				07334B5A289478B700D401CF /* GFUserInfoHeaderViewController.swift */,
				07334B622894D0B100D401CF /* GFItemInfoViewController.swift */,
			);
			path = ViewControllers;
			sourceTree = "<group>";
		};
		07FCC07F28919BDB00247F93 /* Labels */ = {
			isa = PBXGroup;
			children = (
				0769C583288B788A00C55B67 /* GFTitleLabel.swift */,
				0769C585288B95EF00C55B67 /* GFBodyLabel.swift */,
				07334B5C2894792300D401CF /* GFSecondaryTitleLabel.swift */,
			);
			path = Labels;
			sourceTree = "<group>";
		};
/* End PBXGroup section */

/* Begin PBXNativeTarget section */
		075A09AE2889FEB40022B872 /* GithubFollowers */ = {
			isa = PBXNativeTarget;
			buildConfigurationList = 075A09C32889FEB50022B872 /* Build configuration list for PBXNativeTarget "GithubFollowers" */;
			buildPhases = (
				075A09AB2889FEB40022B872 /* Sources */,
				075A09AC2889FEB40022B872 /* Frameworks */,
				075A09AD2889FEB40022B872 /* Resources */,
			);
			buildRules = (
			);
			dependencies = (
			);
			name = GithubFollowers;
			productName = GithubFollowers;
			productReference = 075A09AF2889FEB40022B872 /* GithubFollowers.app */;
			productType = "com.apple.product-type.application";
		};
/* End PBXNativeTarget section */

/* Begin PBXProject section */
		075A09A72889FEB40022B872 /* Project object */ = {
			isa = PBXProject;
			attributes = {
				BuildIndependentTargetsInParallel = 1;
				LastSwiftUpdateCheck = 1340;
				LastUpgradeCheck = 1340;
				TargetAttributes = {
					075A09AE2889FEB40022B872 = {
						CreatedOnToolsVersion = 13.4.1;
					};
				};
			};
			buildConfigurationList = 075A09AA2889FEB40022B872 /* Build configuration list for PBXProject "GithubFollowers" */;
			compatibilityVersion = "Xcode 13.0";
			developmentRegion = en;
			hasScannedForEncodings = 0;
			knownRegions = (
				en,
				Base,
			);
			mainGroup = 075A09A62889FEB40022B872;
			productRefGroup = 075A09B02889FEB40022B872 /* Products */;
			projectDirPath = "";
			projectRoot = "";
			targets = (
				075A09AE2889FEB40022B872 /* GithubFollowers */,
			);
		};
/* End PBXProject section */

/* Begin PBXResourcesBuildPhase section */
		075A09AD2889FEB40022B872 /* Resources */ = {
			isa = PBXResourcesBuildPhase;
			buildActionMask = 2147483647;
			files = (
				075A09BF2889FEB50022B872 /* LaunchScreen.storyboard in Resources */,
				075A09BC2889FEB50022B872 /* Assets.xcassets in Resources */,
			);
			runOnlyForDeploymentPostprocessing = 0;
		};
/* End PBXResourcesBuildPhase section */

/* Begin PBXSourcesBuildPhase section */
		075A09AB2889FEB40022B872 /* Sources */ = {
			isa = PBXSourcesBuildPhase;
			buildActionMask = 2147483647;
			files = (
				0769C58A288B99E400C55B67 /* GFAlertUIView.swift in Sources */,
				0769C594288CE47E00C55B67 /* Follower.swift in Sources */,
				0769C580288B56A700C55B67 /* FollowerListViewController.swift in Sources */,
				0769C582288B5C6B00C55B67 /* String+Extension.swift in Sources */,
				0769C596288CE54200C55B67 /* User.swift in Sources */,
				0769C57A288B2BC300C55B67 /* GFTextField.swift in Sources */,
				0769C58C288BAE4800C55B67 /* UIViewController+Extension.swift in Sources */,
				07334B5F28948AFB00D401CF /* Constants.swift in Sources */,
				07334B632894D0B100D401CF /* GFItemInfoViewController.swift in Sources */,
				0769C578288A0FEE00C55B67 /* GFButton.swift in Sources */,
				075A09C7288A06B90022B872 /* SearchViewController.swift in Sources */,
				075A09B32889FEB40022B872 /* AppDelegate.swift in Sources */,
				07F771AD28934E5500F7269A /* UserInfoViewController.swift in Sources */,
				0769C59F288EF90000C55B67 /* FollowerCollectionViewCell.swift in Sources */,
				07334B612894CBDD00D401CF /* GFItemInfoView.swift in Sources */,
				0769C599288CEC6A00C55B67 /* NetworkManager.swift in Sources */,
				0769C59C288E32F200C55B67 /* GFError.swift in Sources */,
				07334B5D2894792300D401CF /* GFSecondaryTitleLabel.swift in Sources */,
				0769C586288B95EF00C55B67 /* GFBodyLabel.swift in Sources */,
				075A09C9288A06E60022B872 /* FavoritesListViewController.swift in Sources */,
				07FCC08128919C2800247F93 /* GFEmptyStateView.swift in Sources */,
				075A09B52889FEB40022B872 /* SceneDelegate.swift in Sources */,
				0769C5A1288EFA6700C55B67 /* GFAvatarImageView.swift in Sources */,
				0769C584288B788A00C55B67 /* GFTitleLabel.swift in Sources */,
				0769C588288B96FA00C55B67 /* GFAlertViewController.swift in Sources */,
				0769C57E288B36DE00C55B67 /* GFImageView.swift in Sources */,
				0769C5A3288F9C6000C55B67 /* UIHelper.swift in Sources */,
				07334B5B289478B700D401CF /* GFUserInfoHeaderViewController.swift in Sources */,
			);
			runOnlyForDeploymentPostprocessing = 0;
		};
/* End PBXSourcesBuildPhase section */

/* Begin PBXVariantGroup section */
		075A09BD2889FEB50022B872 /* LaunchScreen.storyboard */ = {
			isa = PBXVariantGroup;
			children = (
				075A09BE2889FEB50022B872 /* Base */,
			);
			name = LaunchScreen.storyboard;
			sourceTree = "<group>";
		};
/* End PBXVariantGroup section */

/* Begin XCBuildConfiguration section */
		075A09C12889FEB50022B872 /* Debug */ = {
			isa = XCBuildConfiguration;
			buildSettings = {
				ALWAYS_SEARCH_USER_PATHS = NO;
				CLANG_ANALYZER_NONNULL = YES;
				CLANG_ANALYZER_NUMBER_OBJECT_CONVERSION = YES_AGGRESSIVE;
				CLANG_CXX_LANGUAGE_STANDARD = "gnu++17";
				CLANG_ENABLE_MODULES = YES;
				CLANG_ENABLE_OBJC_ARC = YES;
				CLANG_ENABLE_OBJC_WEAK = YES;
				CLANG_WARN_BLOCK_CAPTURE_AUTORELEASING = YES;
				CLANG_WARN_BOOL_CONVERSION = YES;
				CLANG_WARN_COMMA = YES;
				CLANG_WARN_CONSTANT_CONVERSION = YES;
				CLANG_WARN_DEPRECATED_OBJC_IMPLEMENTATIONS = YES;
				CLANG_WARN_DIRECT_OBJC_ISA_USAGE = YES_ERROR;
				CLANG_WARN_DOCUMENTATION_COMMENTS = YES;
				CLANG_WARN_EMPTY_BODY = YES;
				CLANG_WARN_ENUM_CONVERSION = YES;
				CLANG_WARN_INFINITE_RECURSION = YES;
				CLANG_WARN_INT_CONVERSION = YES;
				CLANG_WARN_NON_LITERAL_NULL_CONVERSION = YES;
				CLANG_WARN_OBJC_IMPLICIT_RETAIN_SELF = YES;
				CLANG_WARN_OBJC_LITERAL_CONVERSION = YES;
				CLANG_WARN_OBJC_ROOT_CLASS = YES_ERROR;
				CLANG_WARN_QUOTED_INCLUDE_IN_FRAMEWORK_HEADER = YES;
				CLANG_WARN_RANGE_LOOP_ANALYSIS = YES;
				CLANG_WARN_STRICT_PROTOTYPES = YES;
				CLANG_WARN_SUSPICIOUS_MOVE = YES;
				CLANG_WARN_UNGUARDED_AVAILABILITY = YES_AGGRESSIVE;
				CLANG_WARN_UNREACHABLE_CODE = YES;
				CLANG_WARN__DUPLICATE_METHOD_MATCH = YES;
				COPY_PHASE_STRIP = NO;
				DEBUG_INFORMATION_FORMAT = dwarf;
				ENABLE_STRICT_OBJC_MSGSEND = YES;
				ENABLE_TESTABILITY = YES;
				GCC_C_LANGUAGE_STANDARD = gnu11;
				GCC_DYNAMIC_NO_PIC = NO;
				GCC_NO_COMMON_BLOCKS = YES;
				GCC_OPTIMIZATION_LEVEL = 0;
				GCC_PREPROCESSOR_DEFINITIONS = (
					"DEBUG=1",
					"$(inherited)",
				);
				GCC_WARN_64_TO_32_BIT_CONVERSION = YES;
				GCC_WARN_ABOUT_RETURN_TYPE = YES_ERROR;
				GCC_WARN_UNDECLARED_SELECTOR = YES;
				GCC_WARN_UNINITIALIZED_AUTOS = YES_AGGRESSIVE;
				GCC_WARN_UNUSED_FUNCTION = YES;
				GCC_WARN_UNUSED_VARIABLE = YES;
				IPHONEOS_DEPLOYMENT_TARGET = 15.5;
				MTL_ENABLE_DEBUG_INFO = INCLUDE_SOURCE;
				MTL_FAST_MATH = YES;
				ONLY_ACTIVE_ARCH = YES;
				SDKROOT = iphoneos;
				SWIFT_ACTIVE_COMPILATION_CONDITIONS = DEBUG;
				SWIFT_OPTIMIZATION_LEVEL = "-Onone";
			};
			name = Debug;
		};
		075A09C22889FEB50022B872 /* Release */ = {
			isa = XCBuildConfiguration;
			buildSettings = {
				ALWAYS_SEARCH_USER_PATHS = NO;
				CLANG_ANALYZER_NONNULL = YES;
				CLANG_ANALYZER_NUMBER_OBJECT_CONVERSION = YES_AGGRESSIVE;
				CLANG_CXX_LANGUAGE_STANDARD = "gnu++17";
				CLANG_ENABLE_MODULES = YES;
				CLANG_ENABLE_OBJC_ARC = YES;
				CLANG_ENABLE_OBJC_WEAK = YES;
				CLANG_WARN_BLOCK_CAPTURE_AUTORELEASING = YES;
				CLANG_WARN_BOOL_CONVERSION = YES;
				CLANG_WARN_COMMA = YES;
				CLANG_WARN_CONSTANT_CONVERSION = YES;
				CLANG_WARN_DEPRECATED_OBJC_IMPLEMENTATIONS = YES;
				CLANG_WARN_DIRECT_OBJC_ISA_USAGE = YES_ERROR;
				CLANG_WARN_DOCUMENTATION_COMMENTS = YES;
				CLANG_WARN_EMPTY_BODY = YES;
				CLANG_WARN_ENUM_CONVERSION = YES;
				CLANG_WARN_INFINITE_RECURSION = YES;
				CLANG_WARN_INT_CONVERSION = YES;
				CLANG_WARN_NON_LITERAL_NULL_CONVERSION = YES;
				CLANG_WARN_OBJC_IMPLICIT_RETAIN_SELF = YES;
				CLANG_WARN_OBJC_LITERAL_CONVERSION = YES;
				CLANG_WARN_OBJC_ROOT_CLASS = YES_ERROR;
				CLANG_WARN_QUOTED_INCLUDE_IN_FRAMEWORK_HEADER = YES;
				CLANG_WARN_RANGE_LOOP_ANALYSIS = YES;
				CLANG_WARN_STRICT_PROTOTYPES = YES;
				CLANG_WARN_SUSPICIOUS_MOVE = YES;
				CLANG_WARN_UNGUARDED_AVAILABILITY = YES_AGGRESSIVE;
				CLANG_WARN_UNREACHABLE_CODE = YES;
				CLANG_WARN__DUPLICATE_METHOD_MATCH = YES;
				COPY_PHASE_STRIP = NO;
				DEBUG_INFORMATION_FORMAT = "dwarf-with-dsym";
				ENABLE_NS_ASSERTIONS = NO;
				ENABLE_STRICT_OBJC_MSGSEND = YES;
				GCC_C_LANGUAGE_STANDARD = gnu11;
				GCC_NO_COMMON_BLOCKS = YES;
				GCC_WARN_64_TO_32_BIT_CONVERSION = YES;
				GCC_WARN_ABOUT_RETURN_TYPE = YES_ERROR;
				GCC_WARN_UNDECLARED_SELECTOR = YES;
				GCC_WARN_UNINITIALIZED_AUTOS = YES_AGGRESSIVE;
				GCC_WARN_UNUSED_FUNCTION = YES;
				GCC_WARN_UNUSED_VARIABLE = YES;
				IPHONEOS_DEPLOYMENT_TARGET = 15.5;
				MTL_ENABLE_DEBUG_INFO = NO;
				MTL_FAST_MATH = YES;
				SDKROOT = iphoneos;
				SWIFT_COMPILATION_MODE = wholemodule;
				SWIFT_OPTIMIZATION_LEVEL = "-O";
				VALIDATE_PRODUCT = YES;
			};
			name = Release;
		};
		075A09C42889FEB50022B872 /* Debug */ = {
			isa = XCBuildConfiguration;
			buildSettings = {
				ASSETCATALOG_COMPILER_APPICON_NAME = AppIcon;
				ASSETCATALOG_COMPILER_GLOBAL_ACCENT_COLOR_NAME = AccentColor;
				CODE_SIGN_STYLE = Automatic;
				CURRENT_PROJECT_VERSION = 1;
				DEVELOPMENT_TEAM = S5B48PD3CP;
				GENERATE_INFOPLIST_FILE = YES;
				INFOPLIST_FILE = GithubFollowers/Info.plist;
				INFOPLIST_KEY_UIApplicationSupportsIndirectInputEvents = YES;
				INFOPLIST_KEY_UILaunchStoryboardName = LaunchScreen;
				INFOPLIST_KEY_UISupportedInterfaceOrientations = UIInterfaceOrientationPortrait;
				INFOPLIST_KEY_UISupportedInterfaceOrientations_iPad = "UIInterfaceOrientationPortrait UIInterfaceOrientationPortraitUpsideDown UIInterfaceOrientationLandscapeLeft UIInterfaceOrientationLandscapeRight";
				INFOPLIST_KEY_UISupportedInterfaceOrientations_iPhone = "UIInterfaceOrientationPortrait UIInterfaceOrientationLandscapeLeft UIInterfaceOrientationLandscapeRight";
				LD_RUNPATH_SEARCH_PATHS = (
					"$(inherited)",
					"@executable_path/Frameworks",
				);
				MARKETING_VERSION = 1.0;
				PRODUCT_BUNDLE_IDENTIFIER = py.com.fabianskier.GithubFollowers;
				PRODUCT_NAME = "$(TARGET_NAME)";
				SWIFT_EMIT_LOC_STRINGS = YES;
				SWIFT_VERSION = 5.0;
				TARGETED_DEVICE_FAMILY = 1;
			};
			name = Debug;
		};
		075A09C52889FEB50022B872 /* Release */ = {
			isa = XCBuildConfiguration;
			buildSettings = {
				ASSETCATALOG_COMPILER_APPICON_NAME = AppIcon;
				ASSETCATALOG_COMPILER_GLOBAL_ACCENT_COLOR_NAME = AccentColor;
				CODE_SIGN_STYLE = Automatic;
				CURRENT_PROJECT_VERSION = 1;
				DEVELOPMENT_TEAM = S5B48PD3CP;
				GENERATE_INFOPLIST_FILE = YES;
				INFOPLIST_FILE = GithubFollowers/Info.plist;
				INFOPLIST_KEY_UIApplicationSupportsIndirectInputEvents = YES;
				INFOPLIST_KEY_UILaunchStoryboardName = LaunchScreen;
				INFOPLIST_KEY_UISupportedInterfaceOrientations = UIInterfaceOrientationPortrait;
				INFOPLIST_KEY_UISupportedInterfaceOrientations_iPad = "UIInterfaceOrientationPortrait UIInterfaceOrientationPortraitUpsideDown UIInterfaceOrientationLandscapeLeft UIInterfaceOrientationLandscapeRight";
				INFOPLIST_KEY_UISupportedInterfaceOrientations_iPhone = "UIInterfaceOrientationPortrait UIInterfaceOrientationLandscapeLeft UIInterfaceOrientationLandscapeRight";
				LD_RUNPATH_SEARCH_PATHS = (
					"$(inherited)",
					"@executable_path/Frameworks",
				);
				MARKETING_VERSION = 1.0;
				PRODUCT_BUNDLE_IDENTIFIER = py.com.fabianskier.GithubFollowers;
				PRODUCT_NAME = "$(TARGET_NAME)";
				SWIFT_EMIT_LOC_STRINGS = YES;
				SWIFT_VERSION = 5.0;
				TARGETED_DEVICE_FAMILY = 1;
			};
			name = Release;
		};
/* End XCBuildConfiguration section */

/* Begin XCConfigurationList section */
		075A09AA2889FEB40022B872 /* Build configuration list for PBXProject "GithubFollowers" */ = {
			isa = XCConfigurationList;
			buildConfigurations = (
				075A09C12889FEB50022B872 /* Debug */,
				075A09C22889FEB50022B872 /* Release */,
			);
			defaultConfigurationIsVisible = 0;
			defaultConfigurationName = Release;
		};
		075A09C32889FEB50022B872 /* Build configuration list for PBXNativeTarget "GithubFollowers" */ = {
			isa = XCConfigurationList;
			buildConfigurations = (
				075A09C42889FEB50022B872 /* Debug */,
				075A09C52889FEB50022B872 /* Release */,
			);
			defaultConfigurationIsVisible = 0;
			defaultConfigurationName = Release;
		};
/* End XCConfigurationList section */
	};
	rootObject = 075A09A72889FEB40022B872 /* Project object */;
}
